// !$*UTF8*$!
{
	archiveVersion = 1;
	classes = {
	};
	objectVersion = 46;
	objects = {

/* Begin PBXBuildFile section */
		A0F61C7F1CBB7A1400898416 /* AppDelegate.swift in Sources */ = {isa = PBXBuildFile; fileRef = A0F61C7E1CBB7A1400898416 /* AppDelegate.swift */; };
		A0F61C811CBB7A1400898416 /* ViewController.swift in Sources */ = {isa = PBXBuildFile; fileRef = A0F61C801CBB7A1400898416 /* ViewController.swift */; };
		A0F61C841CBB7A1400898416 /* Main.storyboard in Resources */ = {isa = PBXBuildFile; fileRef = A0F61C821CBB7A1400898416 /* Main.storyboard */; };
		A0F61C871CBB7A1400898416 /* CZPeper.xcdatamodeld in Sources */ = {isa = PBXBuildFile; fileRef = A0F61C851CBB7A1400898416 /* CZPeper.xcdatamodeld */; };
		A0F61C891CBB7A1400898416 /* Assets.xcassets in Resources */ = {isa = PBXBuildFile; fileRef = A0F61C881CBB7A1400898416 /* Assets.xcassets */; };
		A0F61C8C1CBB7A1400898416 /* LaunchScreen.storyboard in Resources */ = {isa = PBXBuildFile; fileRef = A0F61C8A1CBB7A1400898416 /* LaunchScreen.storyboard */; };
		A0F61C941CBB7A9400898416 /* CZPaperWallScroll.swift in Sources */ = {isa = PBXBuildFile; fileRef = A0F61C931CBB7A9400898416 /* CZPaperWallScroll.swift */; };
		A0F61C961CBB7AA400898416 /* CZPaperNoteView.swift in Sources */ = {isa = PBXBuildFile; fileRef = A0F61C951CBB7AA400898416 /* CZPaperNoteView.swift */; };
		A0F61C981CBB7AB700898416 /* CZPaperPageControl.swift in Sources */ = {isa = PBXBuildFile; fileRef = A0F61C971CBB7AB700898416 /* CZPaperPageControl.swift */; };
		A0F61C9A1CBB7CC700898416 /* CZPaperViewController.swift in Sources */ = {isa = PBXBuildFile; fileRef = A0F61C991CBB7CC700898416 /* CZPaperViewController.swift */; };
		A0F61C9C1CBB87FE00898416 /* CZPaperCategory.swift in Sources */ = {isa = PBXBuildFile; fileRef = A0F61C9B1CBB87FE00898416 /* CZPaperCategory.swift */; };
/* End PBXBuildFile section */

/* Begin PBXFileReference section */
		A0F61C7B1CBB7A1400898416 /* CZPeper.app */ = {isa = PBXFileReference; explicitFileType = wrapper.application; includeInIndex = 0; path = CZPeper.app; sourceTree = BUILT_PRODUCTS_DIR; };
		A0F61C7E1CBB7A1400898416 /* AppDelegate.swift */ = {isa = PBXFileReference; lastKnownFileType = sourcecode.swift; path = AppDelegate.swift; sourceTree = "<group>"; };
		A0F61C801CBB7A1400898416 /* ViewController.swift */ = {isa = PBXFileReference; lastKnownFileType = sourcecode.swift; path = ViewController.swift; sourceTree = "<group>"; };
		A0F61C831CBB7A1400898416 /* Base */ = {isa = PBXFileReference; lastKnownFileType = file.storyboard; name = Base; path = Base.lproj/Main.storyboard; sourceTree = "<group>"; };
		A0F61C861CBB7A1400898416 /* CZPeper.xcdatamodel */ = {isa = PBXFileReference; lastKnownFileType = wrapper.xcdatamodel; path = CZPeper.xcdatamodel; sourceTree = "<group>"; };
		A0F61C881CBB7A1400898416 /* Assets.xcassets */ = {isa = PBXFileReference; lastKnownFileType = folder.assetcatalog; path = Assets.xcassets; sourceTree = "<group>"; };
		A0F61C8B1CBB7A1400898416 /* Base */ = {isa = PBXFileReference; lastKnownFileType = file.storyboard; name = Base; path = Base.lproj/LaunchScreen.storyboard; sourceTree = "<group>"; };
		A0F61C8D1CBB7A1400898416 /* Info.plist */ = {isa = PBXFileReference; lastKnownFileType = text.plist.xml; path = Info.plist; sourceTree = "<group>"; };
		A0F61C931CBB7A9400898416 /* CZPaperWallScroll.swift */ = {isa = PBXFileReference; fileEncoding = 4; lastKnownFileType = sourcecode.swift; path = CZPaperWallScroll.swift; sourceTree = "<group>"; };
		A0F61C951CBB7AA400898416 /* CZPaperNoteView.swift */ = {isa = PBXFileReference; fileEncoding = 4; lastKnownFileType = sourcecode.swift; path = CZPaperNoteView.swift; sourceTree = "<group>"; };
		A0F61C971CBB7AB700898416 /* CZPaperPageControl.swift */ = {isa = PBXFileReference; fileEncoding = 4; lastKnownFileType = sourcecode.swift; path = CZPaperPageControl.swift; sourceTree = "<group>"; };
		A0F61C991CBB7CC700898416 /* CZPaperViewController.swift */ = {isa = PBXFileReference; fileEncoding = 4; lastKnownFileType = sourcecode.swift; path = CZPaperViewController.swift; sourceTree = "<group>"; };
		A0F61C9B1CBB87FE00898416 /* CZPaperCategory.swift */ = {isa = PBXFileReference; fileEncoding = 4; lastKnownFileType = sourcecode.swift; path = CZPaperCategory.swift; sourceTree = "<group>"; };
/* End PBXFileReference section */

/* Begin PBXFrameworksBuildPhase section */
		A0F61C781CBB7A1400898416 /* Frameworks */ = {
			isa = PBXFrameworksBuildPhase;
			buildActionMask = 2147483647;
			files = (
			);
			runOnlyForDeploymentPostprocessing = 0;
		};
/* End PBXFrameworksBuildPhase section */

/* Begin PBXGroup section */
		A0F61C721CBB7A1400898416 = {
			isa = PBXGroup;
			children = (
				A0F61C7D1CBB7A1400898416 /* CZPeper */,
				A0F61C7C1CBB7A1400898416 /* Products */,
			);
			sourceTree = "<group>";
		};
		A0F61C7C1CBB7A1400898416 /* Products */ = {
			isa = PBXGroup;
			children = (
				A0F61C7B1CBB7A1400898416 /* CZPeper.app */,
			);
			name = Products;
			sourceTree = "<group>";
		};
		A0F61C7D1CBB7A1400898416 /* CZPeper */ = {
			isa = PBXGroup;
			children = (
				A0F61C7E1CBB7A1400898416 /* AppDelegate.swift */,
				A0F61C801CBB7A1400898416 /* ViewController.swift */,
				A0F61C991CBB7CC700898416 /* CZPaperViewController.swift */,
				A0F61C931CBB7A9400898416 /* CZPaperWallScroll.swift */,
				A0F61C951CBB7AA400898416 /* CZPaperNoteView.swift */,
				A0F61C971CBB7AB700898416 /* CZPaperPageControl.swift */,
				A0F61C9B1CBB87FE00898416 /* CZPaperCategory.swift */,
				A0F61C821CBB7A1400898416 /* Main.storyboard */,
				A0F61C881CBB7A1400898416 /* Assets.xcassets */,
				A0F61C8A1CBB7A1400898416 /* LaunchScreen.storyboard */,
				A0F61C8D1CBB7A1400898416 /* Info.plist */,
				A0F61C851CBB7A1400898416 /* CZPeper.xcdatamodeld */,
			);
			path = CZPeper;
			sourceTree = "<group>";
		};
/* End PBXGroup section */

/* Begin PBXNativeTarget section */
		A0F61C7A1CBB7A1400898416 /* CZPeper */ = {
			isa = PBXNativeTarget;
			buildConfigurationList = A0F61C901CBB7A1400898416 /* Build configuration list for PBXNativeTarget "CZPeper" */;
			buildPhases = (
				A0F61C771CBB7A1400898416 /* Sources */,
				A0F61C781CBB7A1400898416 /* Frameworks */,
				A0F61C791CBB7A1400898416 /* Resources */,
			);
			buildRules = (
			);
			dependencies = (
			);
			name = CZPeper;
			productName = CZPeper;
			productReference = A0F61C7B1CBB7A1400898416 /* CZPeper.app */;
			productType = "com.apple.product-type.application";
		};
/* End PBXNativeTarget section */

/* Begin PBXProject section */
		A0F61C731CBB7A1400898416 /* Project object */ = {
			isa = PBXProject;
			attributes = {
				LastSwiftUpdateCheck = 0730;
				LastUpgradeCheck = 0730;
				ORGANIZATIONNAME = Cui;
				TargetAttributes = {
					A0F61C7A1CBB7A1400898416 = {
						CreatedOnToolsVersion = 7.3;
					};
				};
			};
			buildConfigurationList = A0F61C761CBB7A1400898416 /* Build configuration list for PBXProject "CZPeper" */;
			compatibilityVersion = "Xcode 3.2";
			developmentRegion = English;
			hasScannedForEncodings = 0;
			knownRegions = (
				en,
				Base,
			);
			mainGroup = A0F61C721CBB7A1400898416;
			productRefGroup = A0F61C7C1CBB7A1400898416 /* Products */;
			projectDirPath = "";
			projectRoot = "";
			targets = (
				A0F61C7A1CBB7A1400898416 /* CZPeper */,
			);
		};
/* End PBXProject section */

/* Begin PBXResourcesBuildPhase section */
		A0F61C791CBB7A1400898416 /* Resources */ = {
			isa = PBXResourcesBuildPhase;
			buildActionMask = 2147483647;
			files = (
				A0F61C8C1CBB7A1400898416 /* LaunchScreen.storyboard in Resources */,
				A0F61C891CBB7A1400898416 /* Assets.xcassets in Resources */,
				A0F61C841CBB7A1400898416 /* Main.storyboard in Resources */,
			);
			runOnlyForDeploymentPostprocessing = 0;
		};
/* End PBXResourcesBuildPhase section */

/* Begin PBXSourcesBuildPhase section */
		A0F61C771CBB7A1400898416 /* Sources */ = {
			isa = PBXSourcesBuildPhase;
			buildActionMask = 2147483647;
			files = (
				A0F61C981CBB7AB700898416 /* CZPaperPageControl.swift in Sources */,
				A0F61C9A1CBB7CC700898416 /* CZPaperViewController.swift in Sources */,
				A0F61C961CBB7AA400898416 /* CZPaperNoteView.swift in Sources */,
				A0F61C9C1CBB87FE00898416 /* CZPaperCategory.swift in Sources */,
				A0F61C871CBB7A1400898416 /* CZPeper.xcdatamodeld in Sources */,
				A0F61C941CBB7A9400898416 /* CZPaperWallScroll.swift in Sources */,
				A0F61C811CBB7A1400898416 /* ViewController.swift in Sources */,
				A0F61C7F1CBB7A1400898416 /* AppDelegate.swift in Sources */,
			);
			runOnlyForDeploymentPostprocessing = 0;
		};
/* End PBXSourcesBuildPhase section */

/* Begin PBXVariantGroup section */
		A0F61C821CBB7A1400898416 /* Main.storyboard */ = {
			isa = PBXVariantGroup;
			children = (
				A0F61C831CBB7A1400898416 /* Base */,
			);
			name = Main.storyboard;
			sourceTree = "<group>";
		};
		A0F61C8A1CBB7A1400898416 /* LaunchScreen.storyboard */ = {
			isa = PBXVariantGroup;
			children = (
				A0F61C8B1CBB7A1400898416 /* Base */,
			);
			name = LaunchScreen.storyboard;
			sourceTree = "<group>";
		};
/* End PBXVariantGroup section */

/* Begin XCBuildConfiguration section */
		A0F61C8E1CBB7A1400898416 /* Debug */ = {
			isa = XCBuildConfiguration;
			buildSettings = {
				ALWAYS_SEARCH_USER_PATHS = NO;
				CLANG_ANALYZER_NONNULL = YES;
				CLANG_CXX_LANGUAGE_STANDARD = "gnu++0x";
				CLANG_CXX_LIBRARY = "libc++";
				CLANG_ENABLE_MODULES = YES;
				CLANG_ENABLE_OBJC_ARC = YES;
				CLANG_WARN_BOOL_CONVERSION = YES;
				CLANG_WARN_CONSTANT_CONVERSION = YES;
				CLANG_WARN_DIRECT_OBJC_ISA_USAGE = YES_ERROR;
				CLANG_WARN_EMPTY_BODY = YES;
				CLANG_WARN_ENUM_CONVERSION = YES;
				CLANG_WARN_INT_CONVERSION = YES;
				CLANG_WARN_OBJC_ROOT_CLASS = YES_ERROR;
				CLANG_WARN_UNREACHABLE_CODE = YES;
				CLANG_WARN__DUPLICATE_METHOD_MATCH = YES;
				"CODE_SIGN_IDENTITY[sdk=iphoneos*]" = "iPhone Developer";
				COPY_PHASE_STRIP = NO;
				DEBUG_INFORMATION_FORMAT = dwarf;
				ENABLE_STRICT_OBJC_MSGSEND = YES;
				ENABLE_TESTABILITY = YES;
				GCC_C_LANGUAGE_STANDARD = gnu99;
				GCC_DYNAMIC_NO_PIC = NO;
				GCC_NO_COMMON_BLOCKS = YES;
				GCC_OPTIMIZATION_LEVEL = 0;
				GCC_PREPROCESSOR_DEFINITIONS = (
					"DEBUG=1",
					"$(inherited)",
				);
				GCC_WARN_64_TO_32_BIT_CONVERSION = YES;
				GCC_WARN_ABOUT_RETURN_TYPE = YES_ERROR;
				GCC_WARN_UNDECLARED_SELECTOR = YES;
				GCC_WARN_UNINITIALIZED_AUTOS = YES_AGGRESSIVE;
				GCC_WARN_UNUSED_FUNCTION = YES;
				GCC_WARN_UNUSED_VARIABLE = YES;
				IPHONEOS_DEPLOYMENT_TARGET = 9.3;
				MTL_ENABLE_DEBUG_INFO = YES;
				ONLY_ACTIVE_ARCH = YES;
				SDKROOT = iphoneos;
				SWIFT_OPTIMIZATION_LEVEL = "-Onone";
			};
			name = Debug;
		};
		A0F61C8F1CBB7A1400898416 /* Release */ = {
			isa = XCBuildConfiguration;
			buildSettings = {
				ALWAYS_SEARCH_USER_PATHS = NO;
				CLANG_ANALYZER_NONNULL = YES;
				CLANG_CXX_LANGUAGE_STANDARD = "gnu++0x";
				CLANG_CXX_LIBRARY = "libc++";
				CLANG_ENABLE_MODULES = YES;
				CLANG_ENABLE_OBJC_ARC = YES;
				CLANG_WARN_BOOL_CONVERSION = YES;
				CLANG_WARN_CONSTANT_CONVERSION = YES;
				CLANG_WARN_DIRECT_OBJC_ISA_USAGE = YES_ERROR;
				CLANG_WARN_EMPTY_BODY = YES;
				CLANG_WARN_ENUM_CONVERSION = YES;
				CLANG_WARN_INT_CONVERSION = YES;
				CLANG_WARN_OBJC_ROOT_CLASS = YES_ERROR;
				CLANG_WARN_UNREACHABLE_CODE = YES;
				CLANG_WARN__DUPLICATE_METHOD_MATCH = YES;
				"CODE_SIGN_IDENTITY[sdk=iphoneos*]" = "iPhone Developer";
				COPY_PHASE_STRIP = NO;
				DEBUG_INFORMATION_FORMAT = "dwarf-with-dsym";
				ENABLE_NS_ASSERTIONS = NO;
				ENABLE_STRICT_OBJC_MSGSEND = YES;
				GCC_C_LANGUAGE_STANDARD = gnu99;
				GCC_NO_COMMON_BLOCKS = YES;
				GCC_WARN_64_TO_32_BIT_CONVERSION = YES;
				GCC_WARN_ABOUT_RETURN_TYPE = YES_ERROR;
				GCC_WARN_UNDECLARED_SELECTOR = YES;
				GCC_WARN_UNINITIALIZED_AUTOS = YES_AGGRESSIVE;
				GCC_WARN_UNUSED_FUNCTION = YES;
				GCC_WARN_UNUSED_VARIABLE = YES;
				IPHONEOS_DEPLOYMENT_TARGET = 9.3;
				MTL_ENABLE_DEBUG_INFO = NO;
				SDKROOT = iphoneos;
				VALIDATE_PRODUCT = YES;
			};
			name = Release;
		};
		A0F61C911CBB7A1400898416 /* Debug */ = {
			isa = XCBuildConfiguration;
			buildSettings = {
				ASSETCATALOG_COMPILER_APPICON_NAME = AppIcon;
				INFOPLIST_FILE = CZPeper/Info.plist;
				LD_RUNPATH_SEARCH_PATHS = "$(inherited) @executable_path/Frameworks";
				PRODUCT_BUNDLE_IDENTIFIER = com.gongfupao.maketea.CZPeper;
				PRODUCT_NAME = "$(TARGET_NAME)";
			};
			name = Debug;
		};
		A0F61C921CBB7A1400898416 /* Release */ = {
			isa = XCBuildConfiguration;
			buildSettings = {
				ASSETCATALOG_COMPILER_APPICON_NAME = AppIcon;
				INFOPLIST_FILE = CZPeper/Info.plist;
				LD_RUNPATH_SEARCH_PATHS = "$(inherited) @executable_path/Frameworks";
				PRODUCT_BUNDLE_IDENTIFIER = com.gongfupao.maketea.CZPeper;
				PRODUCT_NAME = "$(TARGET_NAME)";
			};
			name = Release;
		};
/* End XCBuildConfiguration section */

/* Begin XCConfigurationList section */
		A0F61C761CBB7A1400898416 /* Build configuration list for PBXProject "CZPeper" */ = {
			isa = XCConfigurationList;
			buildConfigurations = (
				A0F61C8E1CBB7A1400898416 /* Debug */,
				A0F61C8F1CBB7A1400898416 /* Release */,
			);
			defaultConfigurationIsVisible = 0;
			defaultConfigurationName = Release;
		};
		A0F61C901CBB7A1400898416 /* Build configuration list for PBXNativeTarget "CZPeper" */ = {
			isa = XCConfigurationList;
			buildConfigurations = (
				A0F61C911CBB7A1400898416 /* Debug */,
				A0F61C921CBB7A1400898416 /* Release */,
			);
			defaultConfigurationIsVisible = 0;
		};
/* End XCConfigurationList section */

/* Begin XCVersionGroup section */
		A0F61C851CBB7A1400898416 /* CZPeper.xcdatamodeld */ = {
			isa = XCVersionGroup;
			children = (
				A0F61C861CBB7A1400898416 /* CZPeper.xcdatamodel */,
			);
			currentVersion = A0F61C861CBB7A1400898416 /* CZPeper.xcdatamodel */;
			path = CZPeper.xcdatamodeld;
			sourceTree = "<group>";
			versionGroupType = wrapper.xcdatamodel;
		};
/* End XCVersionGroup section */
	};
	rootObject = A0F61C731CBB7A1400898416 /* Project object */;
}
